
Microsoft Visual Studio Solution File, Format Version 12.00
# Visual Studio 2012
Project("{8BC9CEB8-8B4A-11D0-8D11-00A0C91BC942}") = "GL_TEST4", "GL_TEST4\GL_TEST4.vcxproj", "{C09E3A0B-414E-48F7-A25E-155F68871283}"
EndProject
Global
	GlobalSection(SolutionConfigurationPlatforms) = preSolution
		Debug|Win32 = Debug|Win32
		Release|Win32 = Release|Win32
	EndGlobalSection
	GlobalSection(ProjectConfigurationPlatforms) = postSolution
		{C09E3A0B-414E-48F7-A25E-155F68871283}.Debug|Win32.ActiveCfg = Debug|Win32
		{C09E3A0B-414E-48F7-A25E-155F68871283}.Debug|Win32.Build.0 = Debug|Win32
		{C09E3A0B-414E-48F7-A25E-155F68871283}.Release|Win32.ActiveCfg = Release|Win32
		{C09E3A0B-414E-48F7-A25E-155F68871283}.Release|Win32.Build.0 = Release|Win32
	EndGlobalSection
	GlobalSection(SolutionProperties) = preSolution
		HideSolutionNode = FALSE
	EndGlobalSection
EndGlobal
